
Microsoft Visual Studio Solution File, Format Version 12.00
# Visual Studio Version 17
VisualStudioVersion = 17.11.35222.181
MinimumVisualStudioVersion = 10.0.40219.1
Project("{FAE04EC0-301F-11D3-BF4B-00C04F79EFBC}") = "Test", "Test\Test.csproj", "{FB893F81-D771-4549-B99E-1E97E4E88799}"
EndProject
Global
	GlobalSection(SolutionConfigurationPlatforms) = preSolution
		Debug|Any CPU = Debug|Any CPU
		Release|Any CPU = Release|Any CPU
	EndGlobalSection
	GlobalSection(ProjectConfigurationPlatforms) = postSolution
		{FB893F81-D771-4549-B99E-1E97E4E88799}.Debug|Any CPU.ActiveCfg = Debug|Any CPU
		{FB893F81-D771-4549-B99E-1E97E4E88799}.Debug|Any CPU.Build.0 = Debug|Any CPU
		{FB893F81-D771-4549-B99E-1E97E4E88799}.Release|Any CPU.ActiveCfg = Release|Any CPU
		{FB893F81-D771-4549-B99E-1E97E4E88799}.Release|Any CPU.Build.0 = Release|Any CPU
	EndGlobalSection
	GlobalSection(SolutionProperties) = preSolution
		HideSolutionNode = FALSE
	EndGlobalSection
	GlobalSection(ExtensibilityGlobals) = postSolution
		SolutionGuid = {0008635B-23A7-46F7-A300-06F1C86DA21C}
	EndGlobalSection
EndGlobal
